
Microsoft Visual Studio Solution File, Format Version 12.00
Project("{FAE04EC0-301F-11D3-BF4B-00C04F79EFBC}") = "SimpleAuthenticationAuthorization", "SimpleAuthenticationAuthorization\SimpleAuthenticationAuthorization.csproj", "{71AA0DD4-49BB-4DA2-9F13-C207F5EC807A}"
EndProject
Global
	GlobalSection(SolutionConfigurationPlatforms) = preSolution
		Debug|Any CPU = Debug|Any CPU
		Release|Any CPU = Release|Any CPU
	EndGlobalSection
	GlobalSection(ProjectConfigurationPlatforms) = postSolution
		{71AA0DD4-49BB-4DA2-9F13-C207F5EC807A}.Debug|Any CPU.ActiveCfg = Debug|Any CPU
		{71AA0DD4-49BB-4DA2-9F13-C207F5EC807A}.Debug|Any CPU.Build.0 = Debug|Any CPU
		{71AA0DD4-49BB-4DA2-9F13-C207F5EC807A}.Release|Any CPU.ActiveCfg = Release|Any CPU
		{71AA0DD4-49BB-4DA2-9F13-C207F5EC807A}.Release|Any CPU.Build.0 = Release|Any CPU
	EndGlobalSection
EndGlobal
